{
    "_readme": [
        "This file locks the dependencies of your project to a known state",
        "Read more about it at https://getcomposer.org/doc/01-basic-usage.md#installing-dependencies",
        "This file is @generated automatically"
    ],
    "content-hash": "07631944688ccdba8a744c34ede21b00",
    "packages": [
        {
            "name": "phreeze/phreeze",
            "version": "dev-master",
            "source": {
                "type": "git",
                "url": "https://github.com/jasonhinkle/phreeze.git",
                "reference": "6e45b1b29449ab5e7b81d2b8cb60ed61ec438e62"
            },
            "dist": {
                "type": "zip",
                "url": "https://api.github.com/repos/jasonhinkle/phreeze/zipball/6e45b1b29449ab5e7b81d2b8cb60ed61ec438e62",
                "reference": "6e45b1b29449ab5e7b81d2b8cb60ed61ec438e62",
                "shasum": ""
            },
            "require": {
                "php": ">=5.3.0"
            },
            "type": "library",
            "notification-url": "https://packagist.org/downloads/",
            "license": [
                "LGPL-2.1"
            ],
            "description": "A lightweight ORM + MVC framework for PHP",
            "time": "2016-03-13T23:46:25+00:00"
        }
    ],
    "packages-dev": [],
    "aliases": [],
    "minimum-stability": "stable",
    "stability-flags": {
        "phreeze/phreeze": 20
    },
    "prefer-stable": false,
    "prefer-lowest": false,
    "platform": [],
    "platform-dev": []
}
